
Microsoft Visual Studio Solution File, Format Version 12.00
# Visual Studio Version 17
VisualStudioVersion = 17.14.36221.1 d17.14
MinimumVisualStudioVersion = 10.0.40219.1
Project("{FAE04EC0-301F-11D3-BF4B-00C04F79EFBC}") = "Fawry", "Fawry\Fawry.csproj", "{C0479A5F-E926-465C-8985-B95F3654A0C8}"
EndProject
Global
	GlobalSection(SolutionConfigurationPlatforms) = preSolution
		Debug|Any CPU = Debug|Any CPU
		Release|Any CPU = Release|Any CPU
	EndGlobalSection
	GlobalSection(ProjectConfigurationPlatforms) = postSolution
		{C0479A5F-E926-465C-8985-B95F3654A0C8}.Debug|Any CPU.ActiveCfg = Debug|Any CPU
		{C0479A5F-E926-465C-8985-B95F3654A0C8}.Debug|Any CPU.Build.0 = Debug|Any CPU
		{C0479A5F-E926-465C-8985-B95F3654A0C8}.Release|Any CPU.ActiveCfg = Release|Any CPU
		{C0479A5F-E926-465C-8985-B95F3654A0C8}.Release|Any CPU.Build.0 = Release|Any CPU
	EndGlobalSection
	GlobalSection(SolutionProperties) = preSolution
		HideSolutionNode = FALSE
	EndGlobalSection
	GlobalSection(ExtensibilityGlobals) = postSolution
		SolutionGuid = {7EB3FF6C-E7CB-471A-9FD6-794413D13687}
	EndGlobalSection
EndGlobal
